
Microsoft Visual Studio Solution File, Format Version 12.00
# Visual Studio Version 17
VisualStudioVersion = 17.9.34616.47
MinimumVisualStudioVersion = 10.0.40219.1
Project("{9A19103F-16F7-4668-BE54-9A1E7A4F7556}") = "MainLogicOfDeusIncarnation", "MainLogicOfDeusIncarnation\MainLogicOfDeusIncarnation.csproj", "{9BD5A4DD-8240-4421-8680-EA149DE211A4}"
EndProject
Global
	GlobalSection(SolutionConfigurationPlatforms) = preSolution
		Debug|Any CPU = Debug|Any CPU
		Release|Any CPU = Release|Any CPU
	EndGlobalSection
	GlobalSection(ProjectConfigurationPlatforms) = postSolution
		{9BD5A4DD-8240-4421-8680-EA149DE211A4}.Debug|Any CPU.ActiveCfg = Debug|Any CPU
		{9BD5A4DD-8240-4421-8680-EA149DE211A4}.Debug|Any CPU.Build.0 = Debug|Any CPU
		{9BD5A4DD-8240-4421-8680-EA149DE211A4}.Release|Any CPU.ActiveCfg = Release|Any CPU
		{9BD5A4DD-8240-4421-8680-EA149DE211A4}.Release|Any CPU.Build.0 = Release|Any CPU
	EndGlobalSection
	GlobalSection(SolutionProperties) = preSolution
		HideSolutionNode = FALSE
	EndGlobalSection
	GlobalSection(ExtensibilityGlobals) = postSolution
		SolutionGuid = {A543428C-8DC6-46B9-8332-745AA1F4F313}
	EndGlobalSection
EndGlobal
